
Microsoft Visual Studio Solution File, Format Version 12.00
# Visual Studio Version 17
VisualStudioVersion = 17.10.35027.167
MinimumVisualStudioVersion = 10.0.40219.1
Project("{FAE04EC0-301F-11D3-BF4B-00C04F79EFBC}") = "Caesar Cipher2", "Caesar Cipher2\Caesar Cipher2.csproj", "{D58B3346-E675-4CC9-9CF9-E901FB9F74E6}"
EndProject
Global
	GlobalSection(SolutionConfigurationPlatforms) = preSolution
		Debug|Any CPU = Debug|Any CPU
		Release|Any CPU = Release|Any CPU
	EndGlobalSection
	GlobalSection(ProjectConfigurationPlatforms) = postSolution
		{D58B3346-E675-4CC9-9CF9-E901FB9F74E6}.Debug|Any CPU.ActiveCfg = Debug|Any CPU
		{D58B3346-E675-4CC9-9CF9-E901FB9F74E6}.Debug|Any CPU.Build.0 = Debug|Any CPU
		{D58B3346-E675-4CC9-9CF9-E901FB9F74E6}.Release|Any CPU.ActiveCfg = Release|Any CPU
		{D58B3346-E675-4CC9-9CF9-E901FB9F74E6}.Release|Any CPU.Build.0 = Release|Any CPU
	EndGlobalSection
	GlobalSection(SolutionProperties) = preSolution
		HideSolutionNode = FALSE
	EndGlobalSection
	GlobalSection(ExtensibilityGlobals) = postSolution
		SolutionGuid = {BFF354B3-0525-4C96-BB38-E8551CB12BA1}
	EndGlobalSection
EndGlobal
